{
  "requires": true,
  "lockfileVersion": 1,
  "dependencies": {
    "rox-browser": {
      "version": "4.9.5",
      "resolved": "https://registry.npmjs.org/rox-browser/-/rox-browser-4.9.5.tgz",
      "integrity": "sha512-AZIvpHZpr7GLmyli11ewkvOUjpPJBzGVs3IvQOPqZdpbCnxbswHo8879vO3zYmCE+VzdDYdmI3m2uMlKd/mmYQ=="
    }
  }
}
